
Microsoft Visual Studio Solution File, Format Version 12.00
Project("{2150E333-8FDC-42A3-9474-1A3956D46DE8}") = "src", "src", "{157C252B-D40C-485E-89B0-2EAF84D44D06}"
EndProject
Project("{FAE04EC0-301F-11D3-BF4B-00C04F79EFBC}") = "Lox", "src\Lox\Lox.csproj", "{7DE73F22-B21F-4745-9E70-672B3ACB068E}"
EndProject
Project("{FAE04EC0-301F-11D3-BF4B-00C04F79EFBC}") = "LoxGenerator", "src\LoxGenerator\LoxGenerator.csproj", "{229AA2FA-BF4D-4BB6-9FC3-42E039E85EF1}"
EndProject
Global
	GlobalSection(SolutionConfigurationPlatforms) = preSolution
		Debug|Any CPU = Debug|Any CPU
		Release|Any CPU = Release|Any CPU
	EndGlobalSection
	GlobalSection(NestedProjects) = preSolution
		{7DE73F22-B21F-4745-9E70-672B3ACB068E} = {157C252B-D40C-485E-89B0-2EAF84D44D06}
		{229AA2FA-BF4D-4BB6-9FC3-42E039E85EF1} = {157C252B-D40C-485E-89B0-2EAF84D44D06}
	EndGlobalSection
	GlobalSection(ProjectConfigurationPlatforms) = postSolution
		{7DE73F22-B21F-4745-9E70-672B3ACB068E}.Debug|Any CPU.ActiveCfg = Debug|Any CPU
		{7DE73F22-B21F-4745-9E70-672B3ACB068E}.Debug|Any CPU.Build.0 = Debug|Any CPU
		{7DE73F22-B21F-4745-9E70-672B3ACB068E}.Release|Any CPU.ActiveCfg = Release|Any CPU
		{7DE73F22-B21F-4745-9E70-672B3ACB068E}.Release|Any CPU.Build.0 = Release|Any CPU
		{229AA2FA-BF4D-4BB6-9FC3-42E039E85EF1}.Debug|Any CPU.ActiveCfg = Debug|Any CPU
		{229AA2FA-BF4D-4BB6-9FC3-42E039E85EF1}.Debug|Any CPU.Build.0 = Debug|Any CPU
		{229AA2FA-BF4D-4BB6-9FC3-42E039E85EF1}.Release|Any CPU.ActiveCfg = Release|Any CPU
		{229AA2FA-BF4D-4BB6-9FC3-42E039E85EF1}.Release|Any CPU.Build.0 = Release|Any CPU
	EndGlobalSection
EndGlobal
